
Microsoft Visual Studio Solution File, Format Version 12.00
# Visual Studio Version 16
VisualStudioVersion = 16.0.30621.155
MinimumVisualStudioVersion = 10.0.40219.1
Project("{FAE04EC0-301F-11D3-BF4B-00C04F79EFBC}") = "ASCIIconvertitore", "ASCIIconvertitore\ASCIIconvertitore.csproj", "{5E2E1F46-1FAC-4616-86EA-D6A5A4AC2C14}"
EndProject
Global
	GlobalSection(SolutionConfigurationPlatforms) = preSolution
		Debug|Any CPU = Debug|Any CPU
		Release|Any CPU = Release|Any CPU
	EndGlobalSection
	GlobalSection(ProjectConfigurationPlatforms) = postSolution
		{5E2E1F46-1FAC-4616-86EA-D6A5A4AC2C14}.Debug|Any CPU.ActiveCfg = Debug|Any CPU
		{5E2E1F46-1FAC-4616-86EA-D6A5A4AC2C14}.Debug|Any CPU.Build.0 = Debug|Any CPU
		{5E2E1F46-1FAC-4616-86EA-D6A5A4AC2C14}.Release|Any CPU.ActiveCfg = Release|Any CPU
		{5E2E1F46-1FAC-4616-86EA-D6A5A4AC2C14}.Release|Any CPU.Build.0 = Release|Any CPU
	EndGlobalSection
	GlobalSection(SolutionProperties) = preSolution
		HideSolutionNode = FALSE
	EndGlobalSection
	GlobalSection(ExtensibilityGlobals) = postSolution
		SolutionGuid = {D66F2B4F-37B1-4560-ABCC-F81B2BEC3F58}
	EndGlobalSection
EndGlobal
